// !$*UTF8*$!
{
	archiveVersion = 1;
	classes = {
	};
	objectVersion = 46;
	objects = {

/* Begin PBXAggregateTarget section */
		"SweetCardScanner::SweetCardScannerPackageTests::ProductTarget" /* SweetCardScannerPackageTests */ = {
			isa = PBXAggregateTarget;
			buildConfigurationList = OBJ_53 /* Build configuration list for PBXAggregateTarget "SweetCardScannerPackageTests" */;
			buildPhases = (
			);
			dependencies = (
				OBJ_56 /* PBXTargetDependency */,
			);
			name = SweetCardScannerPackageTests;
			productName = SweetCardScannerPackageTests;
		};
/* End PBXAggregateTarget section */

/* Begin PBXBuildFile section */
		A42A65E0257532C6003FA790 /* CreditCardUtils.swift in Sources */ = {isa = PBXBuildFile; fileRef = A42A65DF257532C6003FA790 /* CreditCardUtils.swift */; };
		A42A65E8257532F4003FA790 /* String+Extensions.swift in Sources */ = {isa = PBXBuildFile; fileRef = A42A65E7257532F4003FA790 /* String+Extensions.swift */; };
		A4B5C547255FA8C80099F695 /* ImageAnalyzer.swift in Sources */ = {isa = PBXBuildFile; fileRef = A4B5C541255FA8C80099F695 /* ImageAnalyzer.swift */; };
		A4B5C548255FA8C80099F695 /* ImageRatio.swift in Sources */ = {isa = PBXBuildFile; fileRef = A4B5C542255FA8C80099F695 /* ImageRatio.swift */; };
		A4B5C549255FA8C80099F695 /* CreditCardScannerViewController.swift in Sources */ = {isa = PBXBuildFile; fileRef = A4B5C543255FA8C80099F695 /* CreditCardScannerViewController.swift */; };
		A4B5C54A255FA8C80099F695 /* CameraView.swift in Sources */ = {isa = PBXBuildFile; fileRef = A4B5C544255FA8C80099F695 /* CameraView.swift */; };
		A4B5C54B255FA8C80099F695 /* CreditCardScannerError.swift in Sources */ = {isa = PBXBuildFile; fileRef = A4B5C545255FA8C80099F695 /* CreditCardScannerError.swift */; };
		A4B5C54C255FA8C80099F695 /* CreditCard.swift in Sources */ = {isa = PBXBuildFile; fileRef = A4B5C546255FA8C80099F695 /* CreditCard.swift */; };
		OBJ_29 /* Reg.swift in Sources */ = {isa = PBXBuildFile; fileRef = OBJ_17 /* Reg.swift */; };
		OBJ_36 /* Package.swift in Sources */ = {isa = PBXBuildFile; fileRef = OBJ_18 /* Package.swift */; };
		OBJ_42 /* SweetCardScanner.swift in Sources */ = {isa = PBXBuildFile; fileRef = OBJ_9 /* SweetCardScanner.swift */; };
		OBJ_44 /* Reg.framework in Frameworks */ = {isa = PBXBuildFile; fileRef = "Reg::Reg::Product" /* Reg.framework */; };
		OBJ_51 /* Package.swift in Sources */ = {isa = PBXBuildFile; fileRef = OBJ_6 /* Package.swift */; };
		OBJ_62 /* SweetCardScannerTests.swift in Sources */ = {isa = PBXBuildFile; fileRef = OBJ_12 /* SweetCardScannerTests.swift */; };
		OBJ_63 /* XCTestManifests.swift in Sources */ = {isa = PBXBuildFile; fileRef = OBJ_13 /* XCTestManifests.swift */; };
		OBJ_65 /* SweetCardScanner.framework in Frameworks */ = {isa = PBXBuildFile; fileRef = "SweetCardScanner::SweetCardScanner::Product" /* SweetCardScanner.framework */; };
		OBJ_66 /* Reg.framework in Frameworks */ = {isa = PBXBuildFile; fileRef = "Reg::Reg::Product" /* Reg.framework */; };
/* End PBXBuildFile section */

/* Begin PBXContainerItemProxy section */
		A4B5C52E255FA85E0099F695 /* PBXContainerItemProxy */ = {
			isa = PBXContainerItemProxy;
			containerPortal = OBJ_1 /* Project object */;
			proxyType = 1;
			remoteGlobalIDString = "Reg::Reg";
			remoteInfo = Reg;
		};
		A4B5C52F255FA85E0099F695 /* PBXContainerItemProxy */ = {
			isa = PBXContainerItemProxy;
			containerPortal = OBJ_1 /* Project object */;
			proxyType = 1;
			remoteGlobalIDString = "SweetCardScanner::SweetCardScanner";
			remoteInfo = SweetCardScanner;
		};
		A4B5C530255FA85E0099F695 /* PBXContainerItemProxy */ = {
			isa = PBXContainerItemProxy;
			containerPortal = OBJ_1 /* Project object */;
			proxyType = 1;
			remoteGlobalIDString = "Reg::Reg";
			remoteInfo = Reg;
		};
		A4B5C535255FA85F0099F695 /* PBXContainerItemProxy */ = {
			isa = PBXContainerItemProxy;
			containerPortal = OBJ_1 /* Project object */;
			proxyType = 1;
			remoteGlobalIDString = "SweetCardScanner::SweetCardScannerTests";
			remoteInfo = SweetCardScannerTests;
		};
/* End PBXContainerItemProxy section */

/* Begin PBXFileReference section */
		A42A65DF257532C6003FA790 /* CreditCardUtils.swift */ = {isa = PBXFileReference; lastKnownFileType = sourcecode.swift; path = CreditCardUtils.swift; sourceTree = "<group>"; };
		A42A65E7257532F4003FA790 /* String+Extensions.swift */ = {isa = PBXFileReference; lastKnownFileType = sourcecode.swift; path = "String+Extensions.swift"; sourceTree = "<group>"; };
		A4B5C538255FA8930099F695 /* README.md */ = {isa = PBXFileReference; lastKnownFileType = net.daringfireball.markdown; path = README.md; sourceTree = "<group>"; };
		A4B5C541255FA8C80099F695 /* ImageAnalyzer.swift */ = {isa = PBXFileReference; fileEncoding = 4; lastKnownFileType = sourcecode.swift; path = ImageAnalyzer.swift; sourceTree = "<group>"; };
		A4B5C542255FA8C80099F695 /* ImageRatio.swift */ = {isa = PBXFileReference; fileEncoding = 4; lastKnownFileType = sourcecode.swift; path = ImageRatio.swift; sourceTree = "<group>"; };
		A4B5C543255FA8C80099F695 /* CreditCardScannerViewController.swift */ = {isa = PBXFileReference; fileEncoding = 4; lastKnownFileType = sourcecode.swift; path = CreditCardScannerViewController.swift; sourceTree = "<group>"; };
		A4B5C544255FA8C80099F695 /* CameraView.swift */ = {isa = PBXFileReference; fileEncoding = 4; lastKnownFileType = sourcecode.swift; path = CameraView.swift; sourceTree = "<group>"; };
		A4B5C545255FA8C80099F695 /* CreditCardScannerError.swift */ = {isa = PBXFileReference; fileEncoding = 4; lastKnownFileType = sourcecode.swift; path = CreditCardScannerError.swift; sourceTree = "<group>"; };
		A4B5C546255FA8C80099F695 /* CreditCard.swift */ = {isa = PBXFileReference; fileEncoding = 4; lastKnownFileType = sourcecode.swift; path = CreditCard.swift; sourceTree = "<group>"; };
		A4B5C553255FAA210099F695 /* LICENSE */ = {isa = PBXFileReference; lastKnownFileType = text; path = LICENSE; sourceTree = "<group>"; };
		OBJ_12 /* SweetCardScannerTests.swift */ = {isa = PBXFileReference; lastKnownFileType = sourcecode.swift; path = SweetCardScannerTests.swift; sourceTree = "<group>"; };
		OBJ_13 /* XCTestManifests.swift */ = {isa = PBXFileReference; lastKnownFileType = sourcecode.swift; path = XCTestManifests.swift; sourceTree = "<group>"; };
		OBJ_17 /* Reg.swift */ = {isa = PBXFileReference; lastKnownFileType = sourcecode.swift; path = Reg.swift; sourceTree = "<group>"; };
		OBJ_18 /* Package.swift */ = {isa = PBXFileReference; explicitFileType = sourcecode.swift; name = Package.swift; path = /Users/aaronlee/Documents/GitHub/SweetCardScanner/.build/checkouts/Reg/Package.swift; sourceTree = "<group>"; };
		OBJ_23 /* README.md */ = {isa = PBXFileReference; lastKnownFileType = net.daringfireball.markdown; path = README.md; sourceTree = "<group>"; };
		OBJ_6 /* Package.swift */ = {isa = PBXFileReference; explicitFileType = sourcecode.swift; path = Package.swift; sourceTree = "<group>"; };
		OBJ_9 /* SweetCardScanner.swift */ = {isa = PBXFileReference; lastKnownFileType = sourcecode.swift; path = SweetCardScanner.swift; sourceTree = "<group>"; };
		"Reg::Reg::Product" /* Reg.framework */ = {isa = PBXFileReference; explicitFileType = wrapper.framework; path = Reg.framework; sourceTree = BUILT_PRODUCTS_DIR; };
		"SweetCardScanner::SweetCardScanner::Product" /* SweetCardScanner.framework */ = {isa = PBXFileReference; lastKnownFileType = wrapper.framework; path = SweetCardScanner.framework; sourceTree = BUILT_PRODUCTS_DIR; };
		"SweetCardScanner::SweetCardScannerTests::Product" /* SweetCardScannerTests.xctest */ = {isa = PBXFileReference; lastKnownFileType = file; path = SweetCardScannerTests.xctest; sourceTree = BUILT_PRODUCTS_DIR; };
/* End PBXFileReference section */

/* Begin PBXFrameworksBuildPhase section */
		OBJ_30 /* Frameworks */ = {
			isa = PBXFrameworksBuildPhase;
			buildActionMask = 0;
			files = (
			);
			runOnlyForDeploymentPostprocessing = 0;
		};
		OBJ_43 /* Frameworks */ = {
			isa = PBXFrameworksBuildPhase;
			buildActionMask = 0;
			files = (
				OBJ_44 /* Reg.framework in Frameworks */,
			);
			runOnlyForDeploymentPostprocessing = 0;
		};
		OBJ_64 /* Frameworks */ = {
			isa = PBXFrameworksBuildPhase;
			buildActionMask = 0;
			files = (
				OBJ_65 /* SweetCardScanner.framework in Frameworks */,
				OBJ_66 /* Reg.framework in Frameworks */,
			);
			runOnlyForDeploymentPostprocessing = 0;
		};
/* End PBXFrameworksBuildPhase section */

/* Begin PBXGroup section */
		A4B5C540255FA8B50099F695 /* CreditCardScanner */ = {
			isa = PBXGroup;
			children = (
				A4B5C544255FA8C80099F695 /* CameraView.swift */,
				A4B5C546255FA8C80099F695 /* CreditCard.swift */,
				A4B5C545255FA8C80099F695 /* CreditCardScannerError.swift */,
				A4B5C543255FA8C80099F695 /* CreditCardScannerViewController.swift */,
				A4B5C541255FA8C80099F695 /* ImageAnalyzer.swift */,
				A4B5C542255FA8C80099F695 /* ImageRatio.swift */,
				A42A65DF257532C6003FA790 /* CreditCardUtils.swift */,
				A42A65E7257532F4003FA790 /* String+Extensions.swift */,
			);
			path = CreditCardScanner;
			sourceTree = "<group>";
		};
		OBJ_10 /* Tests */ = {
			isa = PBXGroup;
			children = (
				OBJ_11 /* SweetCardScannerTests */,
			);
			name = Tests;
			sourceTree = SOURCE_ROOT;
		};
		OBJ_11 /* SweetCardScannerTests */ = {
			isa = PBXGroup;
			children = (
				OBJ_12 /* SweetCardScannerTests.swift */,
				OBJ_13 /* XCTestManifests.swift */,
			);
			name = SweetCardScannerTests;
			path = Tests/SweetCardScannerTests;
			sourceTree = SOURCE_ROOT;
		};
		OBJ_14 /* Dependencies */ = {
			isa = PBXGroup;
			children = (
				OBJ_15 /* Reg 0.3.0 */,
			);
			name = Dependencies;
			sourceTree = "<group>";
		};
		OBJ_15 /* Reg 0.3.0 */ = {
			isa = PBXGroup;
			children = (
				OBJ_16 /* Reg */,
				OBJ_18 /* Package.swift */,
			);
			name = "Reg 0.3.0";
			sourceTree = SOURCE_ROOT;
		};
		OBJ_16 /* Reg */ = {
			isa = PBXGroup;
			children = (
				OBJ_17 /* Reg.swift */,
			);
			name = Reg;
			path = .build/checkouts/Reg/Sources/Reg;
			sourceTree = SOURCE_ROOT;
		};
		OBJ_19 /* Products */ = {
			isa = PBXGroup;
			children = (
				"SweetCardScanner::SweetCardScanner::Product" /* SweetCardScanner.framework */,
				"Reg::Reg::Product" /* Reg.framework */,
				"SweetCardScanner::SweetCardScannerTests::Product" /* SweetCardScannerTests.xctest */,
			);
			name = Products;
			sourceTree = BUILT_PRODUCTS_DIR;
		};
		OBJ_5 = {
			isa = PBXGroup;
			children = (
				A4B5C553255FAA210099F695 /* LICENSE */,
				A4B5C538255FA8930099F695 /* README.md */,
				OBJ_6 /* Package.swift */,
				OBJ_7 /* Sources */,
				OBJ_10 /* Tests */,
				OBJ_14 /* Dependencies */,
				OBJ_19 /* Products */,
				OBJ_23 /* README.md */,
			);
			sourceTree = "<group>";
		};
		OBJ_7 /* Sources */ = {
			isa = PBXGroup;
			children = (
				OBJ_8 /* SweetCardScanner */,
			);
			name = Sources;
			sourceTree = SOURCE_ROOT;
		};
		OBJ_8 /* SweetCardScanner */ = {
			isa = PBXGroup;
			children = (
				A4B5C540255FA8B50099F695 /* CreditCardScanner */,
				OBJ_9 /* SweetCardScanner.swift */,
			);
			name = SweetCardScanner;
			path = Sources/SweetCardScanner;
			sourceTree = SOURCE_ROOT;
		};
/* End PBXGroup section */

/* Begin PBXNativeTarget section */
		"Reg::Reg" /* Reg */ = {
			isa = PBXNativeTarget;
			buildConfigurationList = OBJ_25 /* Build configuration list for PBXNativeTarget "Reg" */;
			buildPhases = (
				OBJ_28 /* Sources */,
				OBJ_30 /* Frameworks */,
			);
			buildRules = (
			);
			dependencies = (
			);
			name = Reg;
			productName = Reg;
			productReference = "Reg::Reg::Product" /* Reg.framework */;
			productType = "com.apple.product-type.framework";
		};
		"Reg::SwiftPMPackageDescription" /* RegPackageDescription */ = {
			isa = PBXNativeTarget;
			buildConfigurationList = OBJ_32 /* Build configuration list for PBXNativeTarget "RegPackageDescription" */;
			buildPhases = (
				OBJ_35 /* Sources */,
			);
			buildRules = (
			);
			dependencies = (
			);
			name = RegPackageDescription;
			productName = RegPackageDescription;
			productType = "com.apple.product-type.framework";
		};
		"SweetCardScanner::SweetCardScanner" /* SweetCardScanner */ = {
			isa = PBXNativeTarget;
			buildConfigurationList = OBJ_38 /* Build configuration list for PBXNativeTarget "SweetCardScanner" */;
			buildPhases = (
				OBJ_41 /* Sources */,
				OBJ_43 /* Frameworks */,
			);
			buildRules = (
			);
			dependencies = (
				OBJ_45 /* PBXTargetDependency */,
			);
			name = SweetCardScanner;
			productName = SweetCardScanner;
			productReference = "SweetCardScanner::SweetCardScanner::Product" /* SweetCardScanner.framework */;
			productType = "com.apple.product-type.framework";
		};
		"SweetCardScanner::SweetCardScannerTests" /* SweetCardScannerTests */ = {
			isa = PBXNativeTarget;
			buildConfigurationList = OBJ_58 /* Build configuration list for PBXNativeTarget "SweetCardScannerTests" */;
			buildPhases = (
				OBJ_61 /* Sources */,
				OBJ_64 /* Frameworks */,
			);
			buildRules = (
			);
			dependencies = (
				OBJ_67 /* PBXTargetDependency */,
				OBJ_68 /* PBXTargetDependency */,
			);
			name = SweetCardScannerTests;
			productName = SweetCardScannerTests;
			productReference = "SweetCardScanner::SweetCardScannerTests::Product" /* SweetCardScannerTests.xctest */;
			productType = "com.apple.product-type.bundle.unit-test";
		};
		"SweetCardScanner::SwiftPMPackageDescription" /* SweetCardScannerPackageDescription */ = {
			isa = PBXNativeTarget;
			buildConfigurationList = OBJ_47 /* Build configuration list for PBXNativeTarget "SweetCardScannerPackageDescription" */;
			buildPhases = (
				OBJ_50 /* Sources */,
			);
			buildRules = (
			);
			dependencies = (
			);
			name = SweetCardScannerPackageDescription;
			productName = SweetCardScannerPackageDescription;
			productType = "com.apple.product-type.framework";
		};
/* End PBXNativeTarget section */

/* Begin PBXProject section */
		OBJ_1 /* Project object */ = {
			isa = PBXProject;
			attributes = {
				LastSwiftMigration = 9999;
				LastUpgradeCheck = 9999;
			};
			buildConfigurationList = OBJ_2 /* Build configuration list for PBXProject "SweetCardScanner" */;
			compatibilityVersion = "Xcode 3.2";
			developmentRegion = en;
			hasScannedForEncodings = 0;
			knownRegions = (
				en,
			);
			mainGroup = OBJ_5;
			productRefGroup = OBJ_19 /* Products */;
			projectDirPath = "";
			projectRoot = "";
			targets = (
				"Reg::Reg" /* Reg */,
				"Reg::SwiftPMPackageDescription" /* RegPackageDescription */,
				"SweetCardScanner::SweetCardScanner" /* SweetCardScanner */,
				"SweetCardScanner::SwiftPMPackageDescription" /* SweetCardScannerPackageDescription */,
				"SweetCardScanner::SweetCardScannerPackageTests::ProductTarget" /* SweetCardScannerPackageTests */,
				"SweetCardScanner::SweetCardScannerTests" /* SweetCardScannerTests */,
			);
		};
/* End PBXProject section */

/* Begin PBXSourcesBuildPhase section */
		OBJ_28 /* Sources */ = {
			isa = PBXSourcesBuildPhase;
			buildActionMask = 0;
			files = (
				OBJ_29 /* Reg.swift in Sources */,
			);
			runOnlyForDeploymentPostprocessing = 0;
		};
		OBJ_35 /* Sources */ = {
			isa = PBXSourcesBuildPhase;
			buildActionMask = 0;
			files = (
				OBJ_36 /* Package.swift in Sources */,
			);
			runOnlyForDeploymentPostprocessing = 0;
		};
		OBJ_41 /* Sources */ = {
			isa = PBXSourcesBuildPhase;
			buildActionMask = 0;
			files = (
				A4B5C54B255FA8C80099F695 /* CreditCardScannerError.swift in Sources */,
				OBJ_42 /* SweetCardScanner.swift in Sources */,
				A4B5C54C255FA8C80099F695 /* CreditCard.swift in Sources */,
				A4B5C547255FA8C80099F695 /* ImageAnalyzer.swift in Sources */,
				A42A65E8257532F4003FA790 /* String+Extensions.swift in Sources */,
				A4B5C549255FA8C80099F695 /* CreditCardScannerViewController.swift in Sources */,
				A4B5C54A255FA8C80099F695 /* CameraView.swift in Sources */,
				A42A65E0257532C6003FA790 /* CreditCardUtils.swift in Sources */,
				A4B5C548255FA8C80099F695 /* ImageRatio.swift in Sources */,
			);
			runOnlyForDeploymentPostprocessing = 0;
		};
		OBJ_50 /* Sources */ = {
			isa = PBXSourcesBuildPhase;
			buildActionMask = 0;
			files = (
				OBJ_51 /* Package.swift in Sources */,
			);
			runOnlyForDeploymentPostprocessing = 0;
		};
		OBJ_61 /* Sources */ = {
			isa = PBXSourcesBuildPhase;
			buildActionMask = 0;
			files = (
				OBJ_62 /* SweetCardScannerTests.swift in Sources */,
				OBJ_63 /* XCTestManifests.swift in Sources */,
			);
			runOnlyForDeploymentPostprocessing = 0;
		};
/* End PBXSourcesBuildPhase section */

/* Begin PBXTargetDependency section */
		OBJ_45 /* PBXTargetDependency */ = {
			isa = PBXTargetDependency;
			target = "Reg::Reg" /* Reg */;
			targetProxy = A4B5C52E255FA85E0099F695 /* PBXContainerItemProxy */;
		};
		OBJ_56 /* PBXTargetDependency */ = {
			isa = PBXTargetDependency;
			target = "SweetCardScanner::SweetCardScannerTests" /* SweetCardScannerTests */;
			targetProxy = A4B5C535255FA85F0099F695 /* PBXContainerItemProxy */;
		};
		OBJ_67 /* PBXTargetDependency */ = {
			isa = PBXTargetDependency;
			target = "SweetCardScanner::SweetCardScanner" /* SweetCardScanner */;
			targetProxy = A4B5C52F255FA85E0099F695 /* PBXContainerItemProxy */;
		};
		OBJ_68 /* PBXTargetDependency */ = {
			isa = PBXTargetDependency;
			target = "Reg::Reg" /* Reg */;
			targetProxy = A4B5C530255FA85E0099F695 /* PBXContainerItemProxy */;
		};
/* End PBXTargetDependency section */

/* Begin XCBuildConfiguration section */
		OBJ_26 /* Debug */ = {
			isa = XCBuildConfiguration;
			buildSettings = {
				ENABLE_TESTABILITY = YES;
				FRAMEWORK_SEARCH_PATHS = (
					"$(inherited)",
					"$(PLATFORM_DIR)/Developer/Library/Frameworks",
				);
				HEADER_SEARCH_PATHS = "$(inherited)";
				INFOPLIST_FILE = SweetCardScanner.xcodeproj/Reg_Info.plist;
				IPHONEOS_DEPLOYMENT_TARGET = 10.0;
				LD_RUNPATH_SEARCH_PATHS = "$(inherited) $(TOOLCHAIN_DIR)/usr/lib/swift/macosx";
				MACOSX_DEPLOYMENT_TARGET = 10.10;
				MARKETING_VERSION = 0.1.0;
				OTHER_CFLAGS = "$(inherited)";
				OTHER_LDFLAGS = "$(inherited)";
				OTHER_SWIFT_FLAGS = "$(inherited)";
				PRODUCT_BUNDLE_IDENTIFIER = Reg;
				PRODUCT_MODULE_NAME = "$(TARGET_NAME:c99extidentifier)";
				PRODUCT_NAME = "$(TARGET_NAME:c99extidentifier)";
				SKIP_INSTALL = YES;
				SWIFT_ACTIVE_COMPILATION_CONDITIONS = "$(inherited)";
				SWIFT_VERSION = 5.0;
				TARGET_NAME = Reg;
				TVOS_DEPLOYMENT_TARGET = 13.0;
				WATCHOS_DEPLOYMENT_TARGET = 2.0;
			};
			name = Debug;
		};
		OBJ_27 /* Release */ = {
			isa = XCBuildConfiguration;
			buildSettings = {
				ENABLE_TESTABILITY = YES;
				FRAMEWORK_SEARCH_PATHS = (
					"$(inherited)",
					"$(PLATFORM_DIR)/Developer/Library/Frameworks",
				);
				HEADER_SEARCH_PATHS = "$(inherited)";
				INFOPLIST_FILE = SweetCardScanner.xcodeproj/Reg_Info.plist;
				IPHONEOS_DEPLOYMENT_TARGET = 10.0;
				LD_RUNPATH_SEARCH_PATHS = "$(inherited) $(TOOLCHAIN_DIR)/usr/lib/swift/macosx";
				MACOSX_DEPLOYMENT_TARGET = 10.10;
				MARKETING_VERSION = 0.1.0;
				OTHER_CFLAGS = "$(inherited)";
				OTHER_LDFLAGS = "$(inherited)";
				OTHER_SWIFT_FLAGS = "$(inherited)";
				PRODUCT_BUNDLE_IDENTIFIER = Reg;
				PRODUCT_MODULE_NAME = "$(TARGET_NAME:c99extidentifier)";
				PRODUCT_NAME = "$(TARGET_NAME:c99extidentifier)";
				SKIP_INSTALL = YES;
				SWIFT_ACTIVE_COMPILATION_CONDITIONS = "$(inherited)";
				SWIFT_VERSION = 5.0;
				TARGET_NAME = Reg;
				TVOS_DEPLOYMENT_TARGET = 13.0;
				WATCHOS_DEPLOYMENT_TARGET = 2.0;
			};
			name = Release;
		};
		OBJ_3 /* Debug */ = {
			isa = XCBuildConfiguration;
			buildSettings = {
				CLANG_ENABLE_OBJC_ARC = YES;
				COMBINE_HIDPI_IMAGES = YES;
				COPY_PHASE_STRIP = NO;
				DEBUG_INFORMATION_FORMAT = dwarf;
				DYLIB_INSTALL_NAME_BASE = "@rpath";
				ENABLE_NS_ASSERTIONS = YES;
				GCC_OPTIMIZATION_LEVEL = 0;
				GCC_PREPROCESSOR_DEFINITIONS = (
					"$(inherited)",
					"SWIFT_PACKAGE=1",
					"DEBUG=1",
				);
				MACOSX_DEPLOYMENT_TARGET = 10.10;
				ONLY_ACTIVE_ARCH = YES;
				OTHER_SWIFT_FLAGS = "$(inherited) -DXcode";
				PRODUCT_NAME = "$(TARGET_NAME)";
				SDKROOT = macosx;
				SUPPORTED_PLATFORMS = "macosx iphoneos iphonesimulator appletvos appletvsimulator watchos watchsimulator";
				SWIFT_ACTIVE_COMPILATION_CONDITIONS = "$(inherited) SWIFT_PACKAGE DEBUG";
				SWIFT_OPTIMIZATION_LEVEL = "-Onone";
				USE_HEADERMAP = NO;
			};
			name = Debug;
		};
		OBJ_33 /* Debug */ = {
			isa = XCBuildConfiguration;
			buildSettings = {
				LD = /usr/bin/true;
				OTHER_SWIFT_FLAGS = "-swift-version 5 -I $(TOOLCHAIN_DIR)/usr/lib/swift/pm/4_2 -sdk /Applications/Xcode.app/Contents/Developer/Platforms/MacOSX.platform/Developer/SDKs/MacOSX10.15.sdk -package-description-version 5.2.0";
				SWIFT_VERSION = 5.0;
			};
			name = Debug;
		};
		OBJ_34 /* Release */ = {
			isa = XCBuildConfiguration;
			buildSettings = {
				LD = /usr/bin/true;
				OTHER_SWIFT_FLAGS = "-swift-version 5 -I $(TOOLCHAIN_DIR)/usr/lib/swift/pm/4_2 -sdk /Applications/Xcode.app/Contents/Developer/Platforms/MacOSX.platform/Developer/SDKs/MacOSX10.15.sdk -package-description-version 5.2.0";
				SWIFT_VERSION = 5.0;
			};
			name = Release;
		};
		OBJ_39 /* Debug */ = {
			isa = XCBuildConfiguration;
			buildSettings = {
				ENABLE_TESTABILITY = YES;
				FRAMEWORK_SEARCH_PATHS = (
					"$(inherited)",
					"$(PLATFORM_DIR)/Developer/Library/Frameworks",
				);
				HEADER_SEARCH_PATHS = "$(inherited)";
				INFOPLIST_FILE = SweetCardScanner.xcodeproj/SweetCardScanner_Info.plist;
				IPHONEOS_DEPLOYMENT_TARGET = 13.0;
				LD_RUNPATH_SEARCH_PATHS = "$(inherited) $(TOOLCHAIN_DIR)/usr/lib/swift/macosx";
				MACOSX_DEPLOYMENT_TARGET = 10.10;
				OTHER_CFLAGS = "$(inherited)";
				OTHER_LDFLAGS = "$(inherited)";
				OTHER_SWIFT_FLAGS = "$(inherited)";
				PRODUCT_BUNDLE_IDENTIFIER = SweetCardScanner;
				PRODUCT_MODULE_NAME = "$(TARGET_NAME:c99extidentifier)";
				PRODUCT_NAME = "$(TARGET_NAME:c99extidentifier)";
				SKIP_INSTALL = YES;
				SWIFT_ACTIVE_COMPILATION_CONDITIONS = "$(inherited)";
				SWIFT_VERSION = 5.0;
				TARGET_NAME = SweetCardScanner;
				TVOS_DEPLOYMENT_TARGET = 9.0;
				WATCHOS_DEPLOYMENT_TARGET = 2.0;
			};
			name = Debug;
		};
		OBJ_4 /* Release */ = {
			isa = XCBuildConfiguration;
			buildSettings = {
				CLANG_ENABLE_OBJC_ARC = YES;
				COMBINE_HIDPI_IMAGES = YES;
				COPY_PHASE_STRIP = YES;
				DEBUG_INFORMATION_FORMAT = "dwarf-with-dsym";
				DYLIB_INSTALL_NAME_BASE = "@rpath";
				GCC_OPTIMIZATION_LEVEL = s;
				GCC_PREPROCESSOR_DEFINITIONS = (
					"$(inherited)",
					"SWIFT_PACKAGE=1",
				);
				MACOSX_DEPLOYMENT_TARGET = 10.10;
				OTHER_SWIFT_FLAGS = "$(inherited) -DXcode";
				PRODUCT_NAME = "$(TARGET_NAME)";
				SDKROOT = macosx;
				SUPPORTED_PLATFORMS = "macosx iphoneos iphonesimulator appletvos appletvsimulator watchos watchsimulator";
				SWIFT_ACTIVE_COMPILATION_CONDITIONS = "$(inherited) SWIFT_PACKAGE";
				SWIFT_OPTIMIZATION_LEVEL = "-Owholemodule";
				USE_HEADERMAP = NO;
			};
			name = Release;
		};
		OBJ_40 /* Release */ = {
			isa = XCBuildConfiguration;
			buildSettings = {
				ENABLE_TESTABILITY = YES;
				FRAMEWORK_SEARCH_PATHS = (
					"$(inherited)",
					"$(PLATFORM_DIR)/Developer/Library/Frameworks",
				);
				HEADER_SEARCH_PATHS = "$(inherited)";
				INFOPLIST_FILE = SweetCardScanner.xcodeproj/SweetCardScanner_Info.plist;
				IPHONEOS_DEPLOYMENT_TARGET = 13.0;
				LD_RUNPATH_SEARCH_PATHS = "$(inherited) $(TOOLCHAIN_DIR)/usr/lib/swift/macosx";
				MACOSX_DEPLOYMENT_TARGET = 10.10;
				OTHER_CFLAGS = "$(inherited)";
				OTHER_LDFLAGS = "$(inherited)";
				OTHER_SWIFT_FLAGS = "$(inherited)";
				PRODUCT_BUNDLE_IDENTIFIER = SweetCardScanner;
				PRODUCT_MODULE_NAME = "$(TARGET_NAME:c99extidentifier)";
				PRODUCT_NAME = "$(TARGET_NAME:c99extidentifier)";
				SKIP_INSTALL = YES;
				SWIFT_ACTIVE_COMPILATION_CONDITIONS = "$(inherited)";
				SWIFT_VERSION = 5.0;
				TARGET_NAME = SweetCardScanner;
				TVOS_DEPLOYMENT_TARGET = 9.0;
				WATCHOS_DEPLOYMENT_TARGET = 2.0;
			};
			name = Release;
		};
		OBJ_48 /* Debug */ = {
			isa = XCBuildConfiguration;
			buildSettings = {
				LD = /usr/bin/true;
				OTHER_SWIFT_FLAGS = "-swift-version 5 -I $(TOOLCHAIN_DIR)/usr/lib/swift/pm/4_2 -sdk /Applications/Xcode.app/Contents/Developer/Platforms/MacOSX.platform/Developer/SDKs/MacOSX10.15.sdk -package-description-version 5.3.0";
				SWIFT_VERSION = 5.0;
			};
			name = Debug;
		};
		OBJ_49 /* Release */ = {
			isa = XCBuildConfiguration;
			buildSettings = {
				LD = /usr/bin/true;
				OTHER_SWIFT_FLAGS = "-swift-version 5 -I $(TOOLCHAIN_DIR)/usr/lib/swift/pm/4_2 -sdk /Applications/Xcode.app/Contents/Developer/Platforms/MacOSX.platform/Developer/SDKs/MacOSX10.15.sdk -package-description-version 5.3.0";
				SWIFT_VERSION = 5.0;
			};
			name = Release;
		};
		OBJ_54 /* Debug */ = {
			isa = XCBuildConfiguration;
			buildSettings = {
			};
			name = Debug;
		};
		OBJ_55 /* Release */ = {
			isa = XCBuildConfiguration;
			buildSettings = {
			};
			name = Release;
		};
		OBJ_59 /* Debug */ = {
			isa = XCBuildConfiguration;
			buildSettings = {
				CLANG_ENABLE_MODULES = YES;
				EMBEDDED_CONTENT_CONTAINS_SWIFT = YES;
				FRAMEWORK_SEARCH_PATHS = (
					"$(inherited)",
					"$(PLATFORM_DIR)/Developer/Library/Frameworks",
				);
				HEADER_SEARCH_PATHS = "$(inherited)";
				INFOPLIST_FILE = SweetCardScanner.xcodeproj/SweetCardScannerTests_Info.plist;
				IPHONEOS_DEPLOYMENT_TARGET = 14.0;
				LD_RUNPATH_SEARCH_PATHS = "$(inherited) @loader_path/../Frameworks @loader_path/Frameworks";
				MACOSX_DEPLOYMENT_TARGET = 10.15;
				OTHER_CFLAGS = "$(inherited)";
				OTHER_LDFLAGS = "$(inherited)";
				OTHER_SWIFT_FLAGS = "$(inherited)";
				SWIFT_ACTIVE_COMPILATION_CONDITIONS = "$(inherited)";
				SWIFT_VERSION = 5.0;
				TARGET_NAME = SweetCardScannerTests;
				TVOS_DEPLOYMENT_TARGET = 9.0;
				WATCHOS_DEPLOYMENT_TARGET = 2.0;
			};
			name = Debug;
		};
		OBJ_60 /* Release */ = {
			isa = XCBuildConfiguration;
			buildSettings = {
				CLANG_ENABLE_MODULES = YES;
				EMBEDDED_CONTENT_CONTAINS_SWIFT = YES;
				FRAMEWORK_SEARCH_PATHS = (
					"$(inherited)",
					"$(PLATFORM_DIR)/Developer/Library/Frameworks",
				);
				HEADER_SEARCH_PATHS = "$(inherited)";
				INFOPLIST_FILE = SweetCardScanner.xcodeproj/SweetCardScannerTests_Info.plist;
				IPHONEOS_DEPLOYMENT_TARGET = 14.0;
				LD_RUNPATH_SEARCH_PATHS = "$(inherited) @loader_path/../Frameworks @loader_path/Frameworks";
				MACOSX_DEPLOYMENT_TARGET = 10.15;
				OTHER_CFLAGS = "$(inherited)";
				OTHER_LDFLAGS = "$(inherited)";
				OTHER_SWIFT_FLAGS = "$(inherited)";
				SWIFT_ACTIVE_COMPILATION_CONDITIONS = "$(inherited)";
				SWIFT_VERSION = 5.0;
				TARGET_NAME = SweetCardScannerTests;
				TVOS_DEPLOYMENT_TARGET = 9.0;
				WATCHOS_DEPLOYMENT_TARGET = 2.0;
			};
			name = Release;
		};
/* End XCBuildConfiguration section */

/* Begin XCConfigurationList section */
		OBJ_2 /* Build configuration list for PBXProject "SweetCardScanner" */ = {
			isa = XCConfigurationList;
			buildConfigurations = (
				OBJ_3 /* Debug */,
				OBJ_4 /* Release */,
			);
			defaultConfigurationIsVisible = 0;
			defaultConfigurationName = Release;
		};
		OBJ_25 /* Build configuration list for PBXNativeTarget "Reg" */ = {
			isa = XCConfigurationList;
			buildConfigurations = (
				OBJ_26 /* Debug */,
				OBJ_27 /* Release */,
			);
			defaultConfigurationIsVisible = 0;
			defaultConfigurationName = Release;
		};
		OBJ_32 /* Build configuration list for PBXNativeTarget "RegPackageDescription" */ = {
			isa = XCConfigurationList;
			buildConfigurations = (
				OBJ_33 /* Debug */,
				OBJ_34 /* Release */,
			);
			defaultConfigurationIsVisible = 0;
			defaultConfigurationName = Release;
		};
		OBJ_38 /* Build configuration list for PBXNativeTarget "SweetCardScanner" */ = {
			isa = XCConfigurationList;
			buildConfigurations = (
				OBJ_39 /* Debug */,
				OBJ_40 /* Release */,
			);
			defaultConfigurationIsVisible = 0;
			defaultConfigurationName = Release;
		};
		OBJ_47 /* Build configuration list for PBXNativeTarget "SweetCardScannerPackageDescription" */ = {
			isa = XCConfigurationList;
			buildConfigurations = (
				OBJ_48 /* Debug */,
				OBJ_49 /* Release */,
			);
			defaultConfigurationIsVisible = 0;
			defaultConfigurationName = Release;
		};
		OBJ_53 /* Build configuration list for PBXAggregateTarget "SweetCardScannerPackageTests" */ = {
			isa = XCConfigurationList;
			buildConfigurations = (
				OBJ_54 /* Debug */,
				OBJ_55 /* Release */,
			);
			defaultConfigurationIsVisible = 0;
			defaultConfigurationName = Release;
		};
		OBJ_58 /* Build configuration list for PBXNativeTarget "SweetCardScannerTests" */ = {
			isa = XCConfigurationList;
			buildConfigurations = (
				OBJ_59 /* Debug */,
				OBJ_60 /* Release */,
			);
			defaultConfigurationIsVisible = 0;
			defaultConfigurationName = Release;
		};
/* End XCConfigurationList section */
	};
	rootObject = OBJ_1 /* Project object */;
}
